
Microsoft Visual Studio Solution File, Format Version 12.00
# Visual Studio 14
VisualStudioVersion = 14.0.25420.1
MinimumVisualStudioVersion = 10.0.40219.1
Project("{FAE04EC0-301F-11D3-BF4B-00C04F79EFBC}") = "DotNet_Cryptography_SymmetricEncryption", "DotNet_Cryptography_SymmetricEncryption\DotNet_Cryptography_SymmetricEncryption.csproj", "{5B01F4DD-7F5D-4C74-85E7-CF7EAC926339}"
EndProject
Project("{FAE04EC0-301F-11D3-BF4B-00C04F79EFBC}") = "TripleDesExample", "TripleDesExample\TripleDesExample.csproj", "{814410F5-3BE6-4705-9D93-3BD1EE473A88}"
EndProject
Global
	GlobalSection(SolutionConfigurationPlatforms) = preSolution
		Debug|Any CPU = Debug|Any CPU
		Release|Any CPU = Release|Any CPU
	EndGlobalSection
	GlobalSection(ProjectConfigurationPlatforms) = postSolution
		{5B01F4DD-7F5D-4C74-85E7-CF7EAC926339}.Debug|Any CPU.ActiveCfg = Debug|Any CPU
		{5B01F4DD-7F5D-4C74-85E7-CF7EAC926339}.Debug|Any CPU.Build.0 = Debug|Any CPU
		{5B01F4DD-7F5D-4C74-85E7-CF7EAC926339}.Release|Any CPU.ActiveCfg = Release|Any CPU
		{5B01F4DD-7F5D-4C74-85E7-CF7EAC926339}.Release|Any CPU.Build.0 = Release|Any CPU
		{814410F5-3BE6-4705-9D93-3BD1EE473A88}.Debug|Any CPU.ActiveCfg = Debug|Any CPU
		{814410F5-3BE6-4705-9D93-3BD1EE473A88}.Debug|Any CPU.Build.0 = Debug|Any CPU
		{814410F5-3BE6-4705-9D93-3BD1EE473A88}.Release|Any CPU.ActiveCfg = Release|Any CPU
		{814410F5-3BE6-4705-9D93-3BD1EE473A88}.Release|Any CPU.Build.0 = Release|Any CPU
	EndGlobalSection
	GlobalSection(SolutionProperties) = preSolution
		HideSolutionNode = FALSE
	EndGlobalSection
EndGlobal
